
Microsoft Visual Studio Solution File, Format Version 12.00
# Visual Studio Version 16
VisualStudioVersion = 16.0.31729.503
MinimumVisualStudioVersion = 10.0.40219.1
Project("{FAE04EC0-301F-11D3-BF4B-00C04F79EFBC}") = "DiscreteMathematicsII_Project", "DiscreteMathematicsII_Project\DiscreteMathematicsII_Project.csproj", "{B762EB84-3365-4BDF-A360-139A69106DE5}"
EndProject
Global
	GlobalSection(SolutionConfigurationPlatforms) = preSolution
		Debug|Any CPU = Debug|Any CPU
		Release|Any CPU = Release|Any CPU
	EndGlobalSection
	GlobalSection(ProjectConfigurationPlatforms) = postSolution
		{B762EB84-3365-4BDF-A360-139A69106DE5}.Debug|Any CPU.ActiveCfg = Debug|Any CPU
		{B762EB84-3365-4BDF-A360-139A69106DE5}.Debug|Any CPU.Build.0 = Debug|Any CPU
		{B762EB84-3365-4BDF-A360-139A69106DE5}.Release|Any CPU.ActiveCfg = Release|Any CPU
		{B762EB84-3365-4BDF-A360-139A69106DE5}.Release|Any CPU.Build.0 = Release|Any CPU
	EndGlobalSection
	GlobalSection(SolutionProperties) = preSolution
		HideSolutionNode = FALSE
	EndGlobalSection
	GlobalSection(ExtensibilityGlobals) = postSolution
		SolutionGuid = {9B23D8D8-8EBC-47F0-A307-BB016499B1EE}
	EndGlobalSection
EndGlobal
